Microsoft Visual Studio Solution File, Format Version 12.00
# Visual Studio Version 17
VisualStudioVersion = 17.0.31903.59
MinimumVisualStudioVersion = 10.0.40219.1
Project("{FAE04EC0-301F-11D3-BF4B-00C04F79EFBC}") = "STS2iOS", "STS2iOS.csproj", "{69F77860-7A25-46C7-93DD-100070687E5B}"
EndProject
Global
	GlobalSection(SolutionConfigurationPlatforms) = preSolution
		Debug|Any CPU = Debug|Any CPU
		ExportDebug|Any CPU = ExportDebug|Any CPU
		ExportRelease|Any CPU = ExportRelease|Any CPU
		Release|Any CPU = Release|Any CPU
	EndGlobalSection
	GlobalSection(SolutionProperties) = preSolution
		HideSolutionNode = FALSE
	EndGlobalSection
	GlobalSection(ProjectConfigurationPlatforms) = postSolution
		{69F77860-7A25-46C7-93DD-100070687E5B}.Debug|Any CPU.ActiveCfg = Debug|Any CPU
		{69F77860-7A25-46C7-93DD-100070687E5B}.Debug|Any CPU.Build.0 = Debug|Any CPU
		{69F77860-7A25-46C7-93DD-100070687E5B}.ExportDebug|Any CPU.ActiveCfg = ExportDebug|Any CPU
		{69F77860-7A25-46C7-93DD-100070687E5B}.ExportDebug|Any CPU.Build.0 = ExportDebug|Any CPU
		{69F77860-7A25-46C7-93DD-100070687E5B}.ExportRelease|Any CPU.ActiveCfg = ExportRelease|Any CPU
		{69F77860-7A25-46C7-93DD-100070687E5B}.ExportRelease|Any CPU.Build.0 = ExportRelease|Any CPU
		{69F77860-7A25-46C7-93DD-100070687E5B}.Release|Any CPU.ActiveCfg = Release|Any CPU
		{69F77860-7A25-46C7-93DD-100070687E5B}.Release|Any CPU.Build.0 = Release|Any CPU
	EndGlobalSection
EndGlobal
